
Microsoft Visual Studio Solution File, Format Version 9.00
# Visual Studio 2005
Project("{8BC9CEB8-8B4A-11D0-8D11-00A0C91BC942}") = "k0template", "k0template.vcproj", "{6D6164E2-27FF-4361-BA31-925D66EC4822}"
EndProject
Global
	GlobalSection(SolutionConfigurationPlatforms) = preSolution
		Debug|Win32 = Debug|Win32
		Release|Win32 = Release|Win32
	EndGlobalSection
	GlobalSection(ProjectConfigurationPlatforms) = postSolution
		{6D6164E2-27FF-4361-BA31-925D66EC4822}.Debug|Win32.ActiveCfg = Debug|Win32
		{6D6164E2-27FF-4361-BA31-925D66EC4822}.Debug|Win32.Build.0 = Debug|Win32
		{6D6164E2-27FF-4361-BA31-925D66EC4822}.Release|Win32.ActiveCfg = Release|Win32
		{6D6164E2-27FF-4361-BA31-925D66EC4822}.Release|Win32.Build.0 = Release|Win32
	EndGlobalSection
	GlobalSection(SolutionProperties) = preSolution
		HideSolutionNode = FALSE
	EndGlobalSection
EndGlobal
