Microsoft Visual Studio Solution File, Format Version 9.00
# Visual Studio 2005
Project("{8BC9CEB8-8B4A-11D0-8D11-00A0C91BC942}") = "HwInfo", "HwInfo.vcproj", "{B7CDA9E7-8FF8-4BE5-BBC6-8A5B1CA8E36D}"
EndProject
Global
	GlobalSection(SolutionConfigurationPlatforms) = preSolution
		Debug|Win32 = Debug|Win32
		Release|Win32 = Release|Win32
	EndGlobalSection
	GlobalSection(ProjectConfigurationPlatforms) = postSolution
		{B7CDA9E7-8FF8-4BE5-BBC6-8A5B1CA8E36D}.Debug|Win32.ActiveCfg = Debug|Win32
		{B7CDA9E7-8FF8-4BE5-BBC6-8A5B1CA8E36D}.Debug|Win32.Build.0 = Debug|Win32
		{B7CDA9E7-8FF8-4BE5-BBC6-8A5B1CA8E36D}.Release|Win32.ActiveCfg = Release|Win32
		{B7CDA9E7-8FF8-4BE5-BBC6-8A5B1CA8E36D}.Release|Win32.Build.0 = Release|Win32
	EndGlobalSection
	GlobalSection(SolutionProperties) = preSolution
		HideSolutionNode = FALSE
	EndGlobalSection
	GlobalSection(DPCodeReviewSolutionGUID) = preSolution
		DPCodeReviewSolutionGUID = {00000000-0000-0000-0000-000000000000}
	EndGlobalSection
EndGlobal
